
Microsoft Visual Studio Solution File, Format Version 12.00
# Visual Studio Version 17
VisualStudioVersion = 17.0.32112.339
MinimumVisualStudioVersion = 10.0.40219.1
Project("{9A19103F-16F7-4668-BE54-9A1E7A4F7556}") = "AjaFood", "AjaFood\AjaFood.csproj", "{F08F74DE-9150-4FE2-9261-80ACA34EDB4A}"
EndProject
Global
	GlobalSection(SolutionConfigurationPlatforms) = preSolution
		Debug|Any CPU = Debug|Any CPU
		Release|Any CPU = Release|Any CPU
	EndGlobalSection
	GlobalSection(ProjectConfigurationPlatforms) = postSolution
		{F08F74DE-9150-4FE2-9261-80ACA34EDB4A}.Debug|Any CPU.ActiveCfg = Debug|Any CPU
		{F08F74DE-9150-4FE2-9261-80ACA34EDB4A}.Debug|Any CPU.Build.0 = Debug|Any CPU
		{F08F74DE-9150-4FE2-9261-80ACA34EDB4A}.Release|Any CPU.ActiveCfg = Release|Any CPU
		{F08F74DE-9150-4FE2-9261-80ACA34EDB4A}.Release|Any CPU.Build.0 = Release|Any CPU
	EndGlobalSection
	GlobalSection(SolutionProperties) = preSolution
		HideSolutionNode = FALSE
	EndGlobalSection
	GlobalSection(ExtensibilityGlobals) = postSolution
		SolutionGuid = {D3D6FF5B-6305-4F57-B476-BCB81CF9C471}
	EndGlobalSection
EndGlobal
